// !$*UTF8*$!
{
	archiveVersion = 1;
	classes = {
	};
	objectVersion = 50;
	objects = {

/* Begin PBXBuildFile section */
		3A16090726ED75B500CFEAF7 /* AppDelegate.swift in Sources */ = {isa = PBXBuildFile; fileRef = 3A16090626ED75B500CFEAF7 /* AppDelegate.swift */; };
		3A16090926ED75B500CFEAF7 /* SceneDelegate.swift in Sources */ = {isa = PBXBuildFile; fileRef = 3A16090826ED75B500CFEAF7 /* SceneDelegate.swift */; };
		3A16090B26ED75B500CFEAF7 /* MainViewController.swift in Sources */ = {isa = PBXBuildFile; fileRef = 3A16090A26ED75B500CFEAF7 /* MainViewController.swift */; };
		3A16091026ED75BB00CFEAF7 /* Assets.xcassets in Resources */ = {isa = PBXBuildFile; fileRef = 3A16090F26ED75BB00CFEAF7 /* Assets.xcassets */; };
		3A16091326ED75BB00CFEAF7 /* LaunchScreen.storyboard in Resources */ = {isa = PBXBuildFile; fileRef = 3A16091126ED75BB00CFEAF7 /* LaunchScreen.storyboard */; };
		3A16091C26ED79C200CFEAF7 /* Location.swift in Sources */ = {isa = PBXBuildFile; fileRef = 3A16091B26ED79C200CFEAF7 /* Location.swift */; };
		3A16091F26ED7A2700CFEAF7 /* LocationService.swift in Sources */ = {isa = PBXBuildFile; fileRef = 3A16091E26ED7A2700CFEAF7 /* LocationService.swift */; };
		3A16092226ED7B2500CFEAF7 /* LocationListVC.swift in Sources */ = {isa = PBXBuildFile; fileRef = 3A16092126ED7B2500CFEAF7 /* LocationListVC.swift */; };
		3A16092426ED7D9400CFEAF7 /* TripsListVC.swift in Sources */ = {isa = PBXBuildFile; fileRef = 3A16092326ED7D9400CFEAF7 /* TripsListVC.swift */; };
		3A16092726ED809E00CFEAF7 /* LocationTableViewCell.swift in Sources */ = {isa = PBXBuildFile; fileRef = 3A16092626ED809E00CFEAF7 /* LocationTableViewCell.swift */; };
		3A16092926ED962400CFEAF7 /* Trip.swift in Sources */ = {isa = PBXBuildFile; fileRef = 3A16092826ED962400CFEAF7 /* Trip.swift */; };
		3A16092B26ED96A100CFEAF7 /* Company.swift in Sources */ = {isa = PBXBuildFile; fileRef = 3A16092A26ED96A100CFEAF7 /* Company.swift */; };
		3A16092D26ED971A00CFEAF7 /* TripTableViewCell.swift in Sources */ = {isa = PBXBuildFile; fileRef = 3A16092C26ED971A00CFEAF7 /* TripTableViewCell.swift */; };
		3A16092F26ED994E00CFEAF7 /* TripsService.swift in Sources */ = {isa = PBXBuildFile; fileRef = 3A16092E26ED994E00CFEAF7 /* TripsService.swift */; };
		3A16093126ED9D8700CFEAF7 /* RatingStar.swift in Sources */ = {isa = PBXBuildFile; fileRef = 3A16093026ED9D8700CFEAF7 /* RatingStar.swift */; };
		3A16093326EDB8E300CFEAF7 /* ChatsVC.swift in Sources */ = {isa = PBXBuildFile; fileRef = 3A16093226EDB8E300CFEAF7 /* ChatsVC.swift */; };
		3A16093526EDBDE000CFEAF7 /* Conversation.swift in Sources */ = {isa = PBXBuildFile; fileRef = 3A16093426EDBDE000CFEAF7 /* Conversation.swift */; };
		3A16093726EDBE8B00CFEAF7 /* TripConversation.swift in Sources */ = {isa = PBXBuildFile; fileRef = 3A16093626EDBE8B00CFEAF7 /* TripConversation.swift */; };
		3A16093926EDBF1000CFEAF7 /* LocationConversation.swift in Sources */ = {isa = PBXBuildFile; fileRef = 3A16093826EDBF1000CFEAF7 /* LocationConversation.swift */; };
		3A16093B26EDC1FB00CFEAF7 /* ConversationTableViewCell.swift in Sources */ = {isa = PBXBuildFile; fileRef = 3A16093A26EDC1FB00CFEAF7 /* ConversationTableViewCell.swift */; };
/* End PBXBuildFile section */

/* Begin PBXFileReference section */
		3A16090326ED75B500CFEAF7 /* Traveller.app */ = {isa = PBXFileReference; explicitFileType = wrapper.application; includeInIndex = 0; path = Traveller.app; sourceTree = BUILT_PRODUCTS_DIR; };
		3A16090626ED75B500CFEAF7 /* AppDelegate.swift */ = {isa = PBXFileReference; lastKnownFileType = sourcecode.swift; path = AppDelegate.swift; sourceTree = "<group>"; };
		3A16090826ED75B500CFEAF7 /* SceneDelegate.swift */ = {isa = PBXFileReference; lastKnownFileType = sourcecode.swift; path = SceneDelegate.swift; sourceTree = "<group>"; };
		3A16090A26ED75B500CFEAF7 /* MainViewController.swift */ = {isa = PBXFileReference; lastKnownFileType = sourcecode.swift; path = MainViewController.swift; sourceTree = "<group>"; };
		3A16090F26ED75BB00CFEAF7 /* Assets.xcassets */ = {isa = PBXFileReference; lastKnownFileType = folder.assetcatalog; path = Assets.xcassets; sourceTree = "<group>"; };
		3A16091226ED75BB00CFEAF7 /* Base */ = {isa = PBXFileReference; lastKnownFileType = file.storyboard; name = Base; path = Base.lproj/LaunchScreen.storyboard; sourceTree = "<group>"; };
		3A16091426ED75BB00CFEAF7 /* Info.plist */ = {isa = PBXFileReference; lastKnownFileType = text.plist.xml; path = Info.plist; sourceTree = "<group>"; };
		3A16091B26ED79C200CFEAF7 /* Location.swift */ = {isa = PBXFileReference; lastKnownFileType = sourcecode.swift; path = Location.swift; sourceTree = "<group>"; };
		3A16091E26ED7A2700CFEAF7 /* LocationService.swift */ = {isa = PBXFileReference; lastKnownFileType = sourcecode.swift; path = LocationService.swift; sourceTree = "<group>"; };
		3A16092126ED7B2500CFEAF7 /* LocationListVC.swift */ = {isa = PBXFileReference; lastKnownFileType = sourcecode.swift; path = LocationListVC.swift; sourceTree = "<group>"; };
		3A16092326ED7D9400CFEAF7 /* TripsListVC.swift */ = {isa = PBXFileReference; lastKnownFileType = sourcecode.swift; path = TripsListVC.swift; sourceTree = "<group>"; };
		3A16092626ED809E00CFEAF7 /* LocationTableViewCell.swift */ = {isa = PBXFileReference; lastKnownFileType = sourcecode.swift; path = LocationTableViewCell.swift; sourceTree = "<group>"; };
		3A16092826ED962400CFEAF7 /* Trip.swift */ = {isa = PBXFileReference; lastKnownFileType = sourcecode.swift; path = Trip.swift; sourceTree = "<group>"; };
		3A16092A26ED96A100CFEAF7 /* Company.swift */ = {isa = PBXFileReference; lastKnownFileType = sourcecode.swift; path = Company.swift; sourceTree = "<group>"; };
		3A16092C26ED971A00CFEAF7 /* TripTableViewCell.swift */ = {isa = PBXFileReference; lastKnownFileType = sourcecode.swift; path = TripTableViewCell.swift; sourceTree = "<group>"; };
		3A16092E26ED994E00CFEAF7 /* TripsService.swift */ = {isa = PBXFileReference; lastKnownFileType = sourcecode.swift; path = TripsService.swift; sourceTree = "<group>"; };
		3A16093026ED9D8700CFEAF7 /* RatingStar.swift */ = {isa = PBXFileReference; lastKnownFileType = sourcecode.swift; path = RatingStar.swift; sourceTree = "<group>"; };
		3A16093226EDB8E300CFEAF7 /* ChatsVC.swift */ = {isa = PBXFileReference; lastKnownFileType = sourcecode.swift; path = ChatsVC.swift; sourceTree = "<group>"; };
		3A16093426EDBDE000CFEAF7 /* Conversation.swift */ = {isa = PBXFileReference; lastKnownFileType = sourcecode.swift; path = Conversation.swift; sourceTree = "<group>"; };
		3A16093626EDBE8B00CFEAF7 /* TripConversation.swift */ = {isa = PBXFileReference; lastKnownFileType = sourcecode.swift; path = TripConversation.swift; sourceTree = "<group>"; };
		3A16093826EDBF1000CFEAF7 /* LocationConversation.swift */ = {isa = PBXFileReference; lastKnownFileType = sourcecode.swift; path = LocationConversation.swift; sourceTree = "<group>"; };
		3A16093A26EDC1FB00CFEAF7 /* ConversationTableViewCell.swift */ = {isa = PBXFileReference; lastKnownFileType = sourcecode.swift; path = ConversationTableViewCell.swift; sourceTree = "<group>"; };
/* End PBXFileReference section */

/* Begin PBXFrameworksBuildPhase section */
		3A16090026ED75B500CFEAF7 /* Frameworks */ = {
			isa = PBXFrameworksBuildPhase;
			buildActionMask = 2147483647;
			files = (
			);
			runOnlyForDeploymentPostprocessing = 0;
		};
/* End PBXFrameworksBuildPhase section */

/* Begin PBXGroup section */
		3A1608FA26ED75B500CFEAF7 = {
			isa = PBXGroup;
			children = (
				3A16090526ED75B500CFEAF7 /* Traveller */,
				3A16090426ED75B500CFEAF7 /* Products */,
			);
			sourceTree = "<group>";
		};
		3A16090426ED75B500CFEAF7 /* Products */ = {
			isa = PBXGroup;
			children = (
				3A16090326ED75B500CFEAF7 /* Traveller.app */,
			);
			name = Products;
			sourceTree = "<group>";
		};
		3A16090526ED75B500CFEAF7 /* Traveller */ = {
			isa = PBXGroup;
			children = (
				3A16092526ED808A00CFEAF7 /* View */,
				3A16092026ED7B1200CFEAF7 /* Controller */,
				3A16091D26ED7A0C00CFEAF7 /* Services */,
				3A16091A26ED79B300CFEAF7 /* Model */,
				3A16090626ED75B500CFEAF7 /* AppDelegate.swift */,
				3A16090826ED75B500CFEAF7 /* SceneDelegate.swift */,
				3A16090F26ED75BB00CFEAF7 /* Assets.xcassets */,
				3A16091126ED75BB00CFEAF7 /* LaunchScreen.storyboard */,
				3A16091426ED75BB00CFEAF7 /* Info.plist */,
			);
			path = Traveller;
			sourceTree = "<group>";
		};
		3A16091A26ED79B300CFEAF7 /* Model */ = {
			isa = PBXGroup;
			children = (
				3A16091B26ED79C200CFEAF7 /* Location.swift */,
				3A16092826ED962400CFEAF7 /* Trip.swift */,
				3A16092A26ED96A100CFEAF7 /* Company.swift */,
				3A16093426EDBDE000CFEAF7 /* Conversation.swift */,
				3A16093626EDBE8B00CFEAF7 /* TripConversation.swift */,
				3A16093826EDBF1000CFEAF7 /* LocationConversation.swift */,
			);
			path = Model;
			sourceTree = "<group>";
		};
		3A16091D26ED7A0C00CFEAF7 /* Services */ = {
			isa = PBXGroup;
			children = (
				3A16091E26ED7A2700CFEAF7 /* LocationService.swift */,
				3A16092E26ED994E00CFEAF7 /* TripsService.swift */,
			);
			path = Services;
			sourceTree = "<group>";
		};
		3A16092026ED7B1200CFEAF7 /* Controller */ = {
			isa = PBXGroup;
			children = (
				3A16092126ED7B2500CFEAF7 /* LocationListVC.swift */,
				3A16092326ED7D9400CFEAF7 /* TripsListVC.swift */,
				3A16090A26ED75B500CFEAF7 /* MainViewController.swift */,
				3A16093226EDB8E300CFEAF7 /* ChatsVC.swift */,
			);
			path = Controller;
			sourceTree = "<group>";
		};
		3A16092526ED808A00CFEAF7 /* View */ = {
			isa = PBXGroup;
			children = (
				3A16092626ED809E00CFEAF7 /* LocationTableViewCell.swift */,
				3A16092C26ED971A00CFEAF7 /* TripTableViewCell.swift */,
				3A16093026ED9D8700CFEAF7 /* RatingStar.swift */,
				3A16093A26EDC1FB00CFEAF7 /* ConversationTableViewCell.swift */,
			);
			path = View;
			sourceTree = "<group>";
		};
/* End PBXGroup section */

/* Begin PBXNativeTarget section */
		3A16090226ED75B500CFEAF7 /* Traveller */ = {
			isa = PBXNativeTarget;
			buildConfigurationList = 3A16091726ED75BB00CFEAF7 /* Build configuration list for PBXNativeTarget "Traveller" */;
			buildPhases = (
				3A1608FF26ED75B500CFEAF7 /* Sources */,
				3A16090026ED75B500CFEAF7 /* Frameworks */,
				3A16090126ED75B500CFEAF7 /* Resources */,
			);
			buildRules = (
			);
			dependencies = (
			);
			name = Traveller;
			productName = Traveller;
			productReference = 3A16090326ED75B500CFEAF7 /* Traveller.app */;
			productType = "com.apple.product-type.application";
		};
/* End PBXNativeTarget section */

/* Begin PBXProject section */
		3A1608FB26ED75B500CFEAF7 /* Project object */ = {
			isa = PBXProject;
			attributes = {
				LastSwiftUpdateCheck = 1250;
				LastUpgradeCheck = 1250;
				TargetAttributes = {
					3A16090226ED75B500CFEAF7 = {
						CreatedOnToolsVersion = 12.5.1;
					};
				};
			};
			buildConfigurationList = 3A1608FE26ED75B500CFEAF7 /* Build configuration list for PBXProject "Traveller" */;
			compatibilityVersion = "Xcode 9.3";
			developmentRegion = en;
			hasScannedForEncodings = 0;
			knownRegions = (
				en,
				Base,
			);
			mainGroup = 3A1608FA26ED75B500CFEAF7;
			productRefGroup = 3A16090426ED75B500CFEAF7 /* Products */;
			projectDirPath = "";
			projectRoot = "";
			targets = (
				3A16090226ED75B500CFEAF7 /* Traveller */,
			);
		};
/* End PBXProject section */

/* Begin PBXResourcesBuildPhase section */
		3A16090126ED75B500CFEAF7 /* Resources */ = {
			isa = PBXResourcesBuildPhase;
			buildActionMask = 2147483647;
			files = (
				3A16091326ED75BB00CFEAF7 /* LaunchScreen.storyboard in Resources */,
				3A16091026ED75BB00CFEAF7 /* Assets.xcassets in Resources */,
			);
			runOnlyForDeploymentPostprocessing = 0;
		};
/* End PBXResourcesBuildPhase section */

/* Begin PBXSourcesBuildPhase section */
		3A1608FF26ED75B500CFEAF7 /* Sources */ = {
			isa = PBXSourcesBuildPhase;
			buildActionMask = 2147483647;
			files = (
				3A16092D26ED971A00CFEAF7 /* TripTableViewCell.swift in Sources */,
				3A16090B26ED75B500CFEAF7 /* MainViewController.swift in Sources */,
				3A16090726ED75B500CFEAF7 /* AppDelegate.swift in Sources */,
				3A16093526EDBDE000CFEAF7 /* Conversation.swift in Sources */,
				3A16092726ED809E00CFEAF7 /* LocationTableViewCell.swift in Sources */,
				3A16093326EDB8E300CFEAF7 /* ChatsVC.swift in Sources */,
				3A16093926EDBF1000CFEAF7 /* LocationConversation.swift in Sources */,
				3A16092F26ED994E00CFEAF7 /* TripsService.swift in Sources */,
				3A16093B26EDC1FB00CFEAF7 /* ConversationTableViewCell.swift in Sources */,
				3A16092B26ED96A100CFEAF7 /* Company.swift in Sources */,
				3A16092926ED962400CFEAF7 /* Trip.swift in Sources */,
				3A16091F26ED7A2700CFEAF7 /* LocationService.swift in Sources */,
				3A16093126ED9D8700CFEAF7 /* RatingStar.swift in Sources */,
				3A16093726EDBE8B00CFEAF7 /* TripConversation.swift in Sources */,
				3A16091C26ED79C200CFEAF7 /* Location.swift in Sources */,
				3A16092426ED7D9400CFEAF7 /* TripsListVC.swift in Sources */,
				3A16090926ED75B500CFEAF7 /* SceneDelegate.swift in Sources */,
				3A16092226ED7B2500CFEAF7 /* LocationListVC.swift in Sources */,
			);
			runOnlyForDeploymentPostprocessing = 0;
		};
/* End PBXSourcesBuildPhase section */

/* Begin PBXVariantGroup section */
		3A16091126ED75BB00CFEAF7 /* LaunchScreen.storyboard */ = {
			isa = PBXVariantGroup;
			children = (
				3A16091226ED75BB00CFEAF7 /* Base */,
			);
			name = LaunchScreen.storyboard;
			sourceTree = "<group>";
		};
/* End PBXVariantGroup section */

/* Begin XCBuildConfiguration section */
		3A16091526ED75BB00CFEAF7 /* Debug */ = {
			isa = XCBuildConfiguration;
			buildSettings = {
				ALWAYS_SEARCH_USER_PATHS = NO;
				CLANG_ANALYZER_NONNULL = YES;
				CLANG_ANALYZER_NUMBER_OBJECT_CONVERSION = YES_AGGRESSIVE;
				CLANG_CXX_LANGUAGE_STANDARD = "gnu++14";
				CLANG_CXX_LIBRARY = "libc++";
				CLANG_ENABLE_MODULES = YES;
				CLANG_ENABLE_OBJC_ARC = YES;
				CLANG_ENABLE_OBJC_WEAK = YES;
				CLANG_WARN_BLOCK_CAPTURE_AUTORELEASING = YES;
				CLANG_WARN_BOOL_CONVERSION = YES;
				CLANG_WARN_COMMA = YES;
				CLANG_WARN_CONSTANT_CONVERSION = YES;
				CLANG_WARN_DEPRECATED_OBJC_IMPLEMENTATIONS = YES;
				CLANG_WARN_DIRECT_OBJC_ISA_USAGE = YES_ERROR;
				CLANG_WARN_DOCUMENTATION_COMMENTS = YES;
				CLANG_WARN_EMPTY_BODY = YES;
				CLANG_WARN_ENUM_CONVERSION = YES;
				CLANG_WARN_INFINITE_RECURSION = YES;
				CLANG_WARN_INT_CONVERSION = YES;
				CLANG_WARN_NON_LITERAL_NULL_CONVERSION = YES;
				CLANG_WARN_OBJC_IMPLICIT_RETAIN_SELF = YES;
				CLANG_WARN_OBJC_LITERAL_CONVERSION = YES;
				CLANG_WARN_OBJC_ROOT_CLASS = YES_ERROR;
				CLANG_WARN_QUOTED_INCLUDE_IN_FRAMEWORK_HEADER = YES;
				CLANG_WARN_RANGE_LOOP_ANALYSIS = YES;
				CLANG_WARN_STRICT_PROTOTYPES = YES;
				CLANG_WARN_SUSPICIOUS_MOVE = YES;
				CLANG_WARN_UNGUARDED_AVAILABILITY = YES_AGGRESSIVE;
				CLANG_WARN_UNREACHABLE_CODE = YES;
				CLANG_WARN__DUPLICATE_METHOD_MATCH = YES;
				COPY_PHASE_STRIP = NO;
				DEBUG_INFORMATION_FORMAT = dwarf;
				ENABLE_STRICT_OBJC_MSGSEND = YES;
				ENABLE_TESTABILITY = YES;
				GCC_C_LANGUAGE_STANDARD = gnu11;
				GCC_DYNAMIC_NO_PIC = NO;
				GCC_NO_COMMON_BLOCKS = YES;
				GCC_OPTIMIZATION_LEVEL = 0;
				GCC_PREPROCESSOR_DEFINITIONS = (
					"DEBUG=1",
					"$(inherited)",
				);
				GCC_WARN_64_TO_32_BIT_CONVERSION = YES;
				GCC_WARN_ABOUT_RETURN_TYPE = YES_ERROR;
				GCC_WARN_UNDECLARED_SELECTOR = YES;
				GCC_WARN_UNINITIALIZED_AUTOS = YES_AGGRESSIVE;
				GCC_WARN_UNUSED_FUNCTION = YES;
				GCC_WARN_UNUSED_VARIABLE = YES;
				IPHONEOS_DEPLOYMENT_TARGET = 14.5;
				MTL_ENABLE_DEBUG_INFO = INCLUDE_SOURCE;
				MTL_FAST_MATH = YES;
				ONLY_ACTIVE_ARCH = YES;
				SDKROOT = iphoneos;
				SWIFT_ACTIVE_COMPILATION_CONDITIONS = DEBUG;
				SWIFT_OPTIMIZATION_LEVEL = "-Onone";
			};
			name = Debug;
		};
		3A16091626ED75BB00CFEAF7 /* Release */ = {
			isa = XCBuildConfiguration;
			buildSettings = {
				ALWAYS_SEARCH_USER_PATHS = NO;
				CLANG_ANALYZER_NONNULL = YES;
				CLANG_ANALYZER_NUMBER_OBJECT_CONVERSION = YES_AGGRESSIVE;
				CLANG_CXX_LANGUAGE_STANDARD = "gnu++14";
				CLANG_CXX_LIBRARY = "libc++";
				CLANG_ENABLE_MODULES = YES;
				CLANG_ENABLE_OBJC_ARC = YES;
				CLANG_ENABLE_OBJC_WEAK = YES;
				CLANG_WARN_BLOCK_CAPTURE_AUTORELEASING = YES;
				CLANG_WARN_BOOL_CONVERSION = YES;
				CLANG_WARN_COMMA = YES;
				CLANG_WARN_CONSTANT_CONVERSION = YES;
				CLANG_WARN_DEPRECATED_OBJC_IMPLEMENTATIONS = YES;
				CLANG_WARN_DIRECT_OBJC_ISA_USAGE = YES_ERROR;
				CLANG_WARN_DOCUMENTATION_COMMENTS = YES;
				CLANG_WARN_EMPTY_BODY = YES;
				CLANG_WARN_ENUM_CONVERSION = YES;
				CLANG_WARN_INFINITE_RECURSION = YES;
				CLANG_WARN_INT_CONVERSION = YES;
				CLANG_WARN_NON_LITERAL_NULL_CONVERSION = YES;
				CLANG_WARN_OBJC_IMPLICIT_RETAIN_SELF = YES;
				CLANG_WARN_OBJC_LITERAL_CONVERSION = YES;
				CLANG_WARN_OBJC_ROOT_CLASS = YES_ERROR;
				CLANG_WARN_QUOTED_INCLUDE_IN_FRAMEWORK_HEADER = YES;
				CLANG_WARN_RANGE_LOOP_ANALYSIS = YES;
				CLANG_WARN_STRICT_PROTOTYPES = YES;
				CLANG_WARN_SUSPICIOUS_MOVE = YES;
				CLANG_WARN_UNGUARDED_AVAILABILITY = YES_AGGRESSIVE;
				CLANG_WARN_UNREACHABLE_CODE = YES;
				CLANG_WARN__DUPLICATE_METHOD_MATCH = YES;
				COPY_PHASE_STRIP = NO;
				DEBUG_INFORMATION_FORMAT = "dwarf-with-dsym";
				ENABLE_NS_ASSERTIONS = NO;
				ENABLE_STRICT_OBJC_MSGSEND = YES;
				GCC_C_LANGUAGE_STANDARD = gnu11;
				GCC_NO_COMMON_BLOCKS = YES;
				GCC_WARN_64_TO_32_BIT_CONVERSION = YES;
				GCC_WARN_ABOUT_RETURN_TYPE = YES_ERROR;
				GCC_WARN_UNDECLARED_SELECTOR = YES;
				GCC_WARN_UNINITIALIZED_AUTOS = YES_AGGRESSIVE;
				GCC_WARN_UNUSED_FUNCTION = YES;
				GCC_WARN_UNUSED_VARIABLE = YES;
				IPHONEOS_DEPLOYMENT_TARGET = 14.5;
				MTL_ENABLE_DEBUG_INFO = NO;
				MTL_FAST_MATH = YES;
				SDKROOT = iphoneos;
				SWIFT_COMPILATION_MODE = wholemodule;
				SWIFT_OPTIMIZATION_LEVEL = "-O";
				VALIDATE_PRODUCT = YES;
			};
			name = Release;
		};
		3A16091826ED75BB00CFEAF7 /* Debug */ = {
			isa = XCBuildConfiguration;
			buildSettings = {
				ASSETCATALOG_COMPILER_APPICON_NAME = AppIcon;
				ASSETCATALOG_COMPILER_GLOBAL_ACCENT_COLOR_NAME = AccentColor;
				CODE_SIGN_STYLE = Automatic;
				DEVELOPMENT_TEAM = Z2NJSNZK65;
				INFOPLIST_FILE = Traveller/Info.plist;
				LD_RUNPATH_SEARCH_PATHS = (
					"$(inherited)",
					"@executable_path/Frameworks",
				);
				PRODUCT_BUNDLE_IDENTIFIER = com.df.Traveller;
				PRODUCT_NAME = "$(TARGET_NAME)";
				SWIFT_VERSION = 5.0;
				TARGETED_DEVICE_FAMILY = 1;
			};
			name = Debug;
		};
		3A16091926ED75BB00CFEAF7 /* Release */ = {
			isa = XCBuildConfiguration;
			buildSettings = {
				ASSETCATALOG_COMPILER_APPICON_NAME = AppIcon;
				ASSETCATALOG_COMPILER_GLOBAL_ACCENT_COLOR_NAME = AccentColor;
				CODE_SIGN_STYLE = Automatic;
				DEVELOPMENT_TEAM = Z2NJSNZK65;
				INFOPLIST_FILE = Traveller/Info.plist;
				LD_RUNPATH_SEARCH_PATHS = (
					"$(inherited)",
					"@executable_path/Frameworks",
				);
				PRODUCT_BUNDLE_IDENTIFIER = com.df.Traveller;
				PRODUCT_NAME = "$(TARGET_NAME)";
				SWIFT_VERSION = 5.0;
				TARGETED_DEVICE_FAMILY = 1;
			};
			name = Release;
		};
/* End XCBuildConfiguration section */

/* Begin XCConfigurationList section */
		3A1608FE26ED75B500CFEAF7 /* Build configuration list for PBXProject "Traveller" */ = {
			isa = XCConfigurationList;
			buildConfigurations = (
				3A16091526ED75BB00CFEAF7 /* Debug */,
				3A16091626ED75BB00CFEAF7 /* Release */,
			);
			defaultConfigurationIsVisible = 0;
			defaultConfigurationName = Release;
		};
		3A16091726ED75BB00CFEAF7 /* Build configuration list for PBXNativeTarget "Traveller" */ = {
			isa = XCConfigurationList;
			buildConfigurations = (
				3A16091826ED75BB00CFEAF7 /* Debug */,
				3A16091926ED75BB00CFEAF7 /* Release */,
			);
			defaultConfigurationIsVisible = 0;
			defaultConfigurationName = Release;
		};
/* End XCConfigurationList section */
	};
	rootObject = 3A1608FB26ED75B500CFEAF7 /* Project object */;
}
